// !$*UTF8*$!
{
	archiveVersion = 1;
	classes = {
	};
	objectVersion = 56;
	objects = {

/* Begin PBXBuildFile section */
		6C4D4156296DDEA5005F9EA6 /* AppDelegate.swift in Sources */ = {isa = PBXBuildFile; fileRef = 6C4D4155296DDEA5005F9EA6 /* AppDelegate.swift */; };
		6C4D4158296DDEA5005F9EA6 /* SceneDelegate.swift in Sources */ = {isa = PBXBuildFile; fileRef = 6C4D4157296DDEA5005F9EA6 /* SceneDelegate.swift */; };
		6C4D415A296DDEA5005F9EA6 /* ViewController.swift in Sources */ = {isa = PBXBuildFile; fileRef = 6C4D4159296DDEA5005F9EA6 /* ViewController.swift */; };
		6C4D415D296DDEA5005F9EA6 /* Main.storyboard in Resources */ = {isa = PBXBuildFile; fileRef = 6C4D415B296DDEA5005F9EA6 /* Main.storyboard */; };
		6C4D415F296DDEA8005F9EA6 /* Assets.xcassets in Resources */ = {isa = PBXBuildFile; fileRef = 6C4D415E296DDEA8005F9EA6 /* Assets.xcassets */; };
		6C4D4162296DDEA8005F9EA6 /* LaunchScreen.storyboard in Resources */ = {isa = PBXBuildFile; fileRef = 6C4D4160296DDEA8005F9EA6 /* LaunchScreen.storyboard */; };
		6C4D418D296DE26A005F9EA6 /* LoginViewModel.swift in Sources */ = {isa = PBXBuildFile; fileRef = 6C4D418C296DE26A005F9EA6 /* LoginViewModel.swift */; };
		6C4D4190296DE2BA005F9EA6 /* BindingTextField.swift in Sources */ = {isa = PBXBuildFile; fileRef = 6C4D418F296DE2BA005F9EA6 /* BindingTextField.swift */; };
/* End PBXBuildFile section */

/* Begin PBXFileReference section */
		6C4D4152296DDEA5005F9EA6 /* BindingMVVM.app */ = {isa = PBXFileReference; explicitFileType = wrapper.application; includeInIndex = 0; path = BindingMVVM.app; sourceTree = BUILT_PRODUCTS_DIR; };
		6C4D4155296DDEA5005F9EA6 /* AppDelegate.swift */ = {isa = PBXFileReference; lastKnownFileType = sourcecode.swift; path = AppDelegate.swift; sourceTree = "<group>"; };
		6C4D4157296DDEA5005F9EA6 /* SceneDelegate.swift */ = {isa = PBXFileReference; lastKnownFileType = sourcecode.swift; path = SceneDelegate.swift; sourceTree = "<group>"; };
		6C4D4159296DDEA5005F9EA6 /* ViewController.swift */ = {isa = PBXFileReference; lastKnownFileType = sourcecode.swift; path = ViewController.swift; sourceTree = "<group>"; };
		6C4D415C296DDEA5005F9EA6 /* Base */ = {isa = PBXFileReference; lastKnownFileType = file.storyboard; name = Base; path = Base.lproj/Main.storyboard; sourceTree = "<group>"; };
		6C4D415E296DDEA8005F9EA6 /* Assets.xcassets */ = {isa = PBXFileReference; lastKnownFileType = folder.assetcatalog; path = Assets.xcassets; sourceTree = "<group>"; };
		6C4D4161296DDEA8005F9EA6 /* Base */ = {isa = PBXFileReference; lastKnownFileType = file.storyboard; name = Base; path = Base.lproj/LaunchScreen.storyboard; sourceTree = "<group>"; };
		6C4D4163296DDEA8005F9EA6 /* Info.plist */ = {isa = PBXFileReference; lastKnownFileType = text.plist.xml; path = Info.plist; sourceTree = "<group>"; };
		6C4D418C296DE26A005F9EA6 /* LoginViewModel.swift */ = {isa = PBXFileReference; lastKnownFileType = sourcecode.swift; path = LoginViewModel.swift; sourceTree = "<group>"; };
		6C4D418F296DE2BA005F9EA6 /* BindingTextField.swift */ = {isa = PBXFileReference; lastKnownFileType = sourcecode.swift; path = BindingTextField.swift; sourceTree = "<group>"; };
/* End PBXFileReference section */

/* Begin PBXFrameworksBuildPhase section */
		6C4D414F296DDEA5005F9EA6 /* Frameworks */ = {
			isa = PBXFrameworksBuildPhase;
			buildActionMask = 2147483647;
			files = (
			);
			runOnlyForDeploymentPostprocessing = 0;
		};
/* End PBXFrameworksBuildPhase section */

/* Begin PBXGroup section */
		6C4D4149296DDEA5005F9EA6 = {
			isa = PBXGroup;
			children = (
				6C4D4154296DDEA5005F9EA6 /* BindingMVVM */,
				6C4D4153296DDEA5005F9EA6 /* Products */,
			);
			sourceTree = "<group>";
		};
		6C4D4153296DDEA5005F9EA6 /* Products */ = {
			isa = PBXGroup;
			children = (
				6C4D4152296DDEA5005F9EA6 /* BindingMVVM.app */,
			);
			name = Products;
			sourceTree = "<group>";
		};
		6C4D4154296DDEA5005F9EA6 /* BindingMVVM */ = {
			isa = PBXGroup;
			children = (
				6C4D418E296DE2A7005F9EA6 /* CustomViews */,
				6C4D4189296DE24F005F9EA6 /* ViewModels */,
				6C4D4155296DDEA5005F9EA6 /* AppDelegate.swift */,
				6C4D4157296DDEA5005F9EA6 /* SceneDelegate.swift */,
				6C4D4159296DDEA5005F9EA6 /* ViewController.swift */,
				6C4D415B296DDEA5005F9EA6 /* Main.storyboard */,
				6C4D415E296DDEA8005F9EA6 /* Assets.xcassets */,
				6C4D4160296DDEA8005F9EA6 /* LaunchScreen.storyboard */,
				6C4D4163296DDEA8005F9EA6 /* Info.plist */,
			);
			path = BindingMVVM;
			sourceTree = "<group>";
		};
		6C4D4189296DE24F005F9EA6 /* ViewModels */ = {
			isa = PBXGroup;
			children = (
				6C4D418C296DE26A005F9EA6 /* LoginViewModel.swift */,
			);
			path = ViewModels;
			sourceTree = "<group>";
		};
		6C4D418E296DE2A7005F9EA6 /* CustomViews */ = {
			isa = PBXGroup;
			children = (
				6C4D418F296DE2BA005F9EA6 /* BindingTextField.swift */,
			);
			path = CustomViews;
			sourceTree = "<group>";
		};
/* End PBXGroup section */

/* Begin PBXNativeTarget section */
		6C4D4151296DDEA5005F9EA6 /* BindingMVVM */ = {
			isa = PBXNativeTarget;
			buildConfigurationList = 6C4D4166296DDEA9005F9EA6 /* Build configuration list for PBXNativeTarget "BindingMVVM" */;
			buildPhases = (
				6C4D414E296DDEA5005F9EA6 /* Sources */,
				6C4D414F296DDEA5005F9EA6 /* Frameworks */,
				6C4D4150296DDEA5005F9EA6 /* Resources */,
			);
			buildRules = (
			);
			dependencies = (
			);
			name = BindingMVVM;
			productName = BindingMVVM;
			productReference = 6C4D4152296DDEA5005F9EA6 /* BindingMVVM.app */;
			productType = "com.apple.product-type.application";
		};
/* End PBXNativeTarget section */

/* Begin PBXProject section */
		6C4D414A296DDEA5005F9EA6 /* Project object */ = {
			isa = PBXProject;
			attributes = {
				BuildIndependentTargetsInParallel = 1;
				LastSwiftUpdateCheck = 1420;
				LastUpgradeCheck = 1420;
				TargetAttributes = {
					6C4D4151296DDEA5005F9EA6 = {
						CreatedOnToolsVersion = 14.2;
					};
				};
			};
			buildConfigurationList = 6C4D414D296DDEA5005F9EA6 /* Build configuration list for PBXProject "BindingMVVM" */;
			compatibilityVersion = "Xcode 14.0";
			developmentRegion = en;
			hasScannedForEncodings = 0;
			knownRegions = (
				en,
				Base,
			);
			mainGroup = 6C4D4149296DDEA5005F9EA6;
			productRefGroup = 6C4D4153296DDEA5005F9EA6 /* Products */;
			projectDirPath = "";
			projectRoot = "";
			targets = (
				6C4D4151296DDEA5005F9EA6 /* BindingMVVM */,
			);
		};
/* End PBXProject section */

/* Begin PBXResourcesBuildPhase section */
		6C4D4150296DDEA5005F9EA6 /* Resources */ = {
			isa = PBXResourcesBuildPhase;
			buildActionMask = 2147483647;
			files = (
				6C4D4162296DDEA8005F9EA6 /* LaunchScreen.storyboard in Resources */,
				6C4D415F296DDEA8005F9EA6 /* Assets.xcassets in Resources */,
				6C4D415D296DDEA5005F9EA6 /* Main.storyboard in Resources */,
			);
			runOnlyForDeploymentPostprocessing = 0;
		};
/* End PBXResourcesBuildPhase section */

/* Begin PBXSourcesBuildPhase section */
		6C4D414E296DDEA5005F9EA6 /* Sources */ = {
			isa = PBXSourcesBuildPhase;
			buildActionMask = 2147483647;
			files = (
				6C4D418D296DE26A005F9EA6 /* LoginViewModel.swift in Sources */,
				6C4D415A296DDEA5005F9EA6 /* ViewController.swift in Sources */,
				6C4D4190296DE2BA005F9EA6 /* BindingTextField.swift in Sources */,
				6C4D4156296DDEA5005F9EA6 /* AppDelegate.swift in Sources */,
				6C4D4158296DDEA5005F9EA6 /* SceneDelegate.swift in Sources */,
			);
			runOnlyForDeploymentPostprocessing = 0;
		};
/* End PBXSourcesBuildPhase section */

/* Begin PBXVariantGroup section */
		6C4D415B296DDEA5005F9EA6 /* Main.storyboard */ = {
			isa = PBXVariantGroup;
			children = (
				6C4D415C296DDEA5005F9EA6 /* Base */,
			);
			name = Main.storyboard;
			sourceTree = "<group>";
		};
		6C4D4160296DDEA8005F9EA6 /* LaunchScreen.storyboard */ = {
			isa = PBXVariantGroup;
			children = (
				6C4D4161296DDEA8005F9EA6 /* Base */,
			);
			name = LaunchScreen.storyboard;
			sourceTree = "<group>";
		};
/* End PBXVariantGroup section */

/* Begin XCBuildConfiguration section */
		6C4D4164296DDEA8005F9EA6 /* Debug */ = {
			isa = XCBuildConfiguration;
			buildSettings = {
				ALWAYS_SEARCH_USER_PATHS = NO;
				CLANG_ANALYZER_NONNULL = YES;
				CLANG_ANALYZER_NUMBER_OBJECT_CONVERSION = YES_AGGRESSIVE;
				CLANG_CXX_LANGUAGE_STANDARD = "gnu++20";
				CLANG_ENABLE_MODULES = YES;
				CLANG_ENABLE_OBJC_ARC = YES;
				CLANG_ENABLE_OBJC_WEAK = YES;
				CLANG_WARN_BLOCK_CAPTURE_AUTORELEASING = YES;
				CLANG_WARN_BOOL_CONVERSION = YES;
				CLANG_WARN_COMMA = YES;
				CLANG_WARN_CONSTANT_CONVERSION = YES;
				CLANG_WARN_DEPRECATED_OBJC_IMPLEMENTATIONS = YES;
				CLANG_WARN_DIRECT_OBJC_ISA_USAGE = YES_ERROR;
				CLANG_WARN_DOCUMENTATION_COMMENTS = YES;
				CLANG_WARN_EMPTY_BODY = YES;
				CLANG_WARN_ENUM_CONVERSION = YES;
				CLANG_WARN_INFINITE_RECURSION = YES;
				CLANG_WARN_INT_CONVERSION = YES;
				CLANG_WARN_NON_LITERAL_NULL_CONVERSION = YES;
				CLANG_WARN_OBJC_IMPLICIT_RETAIN_SELF = YES;
				CLANG_WARN_OBJC_LITERAL_CONVERSION = YES;
				CLANG_WARN_OBJC_ROOT_CLASS = YES_ERROR;
				CLANG_WARN_QUOTED_INCLUDE_IN_FRAMEWORK_HEADER = YES;
				CLANG_WARN_RANGE_LOOP_ANALYSIS = YES;
				CLANG_WARN_STRICT_PROTOTYPES = YES;
				CLANG_WARN_SUSPICIOUS_MOVE = YES;
				CLANG_WARN_UNGUARDED_AVAILABILITY = YES_AGGRESSIVE;
				CLANG_WARN_UNREACHABLE_CODE = YES;
				CLANG_WARN__DUPLICATE_METHOD_MATCH = YES;
				COPY_PHASE_STRIP = NO;
				DEBUG_INFORMATION_FORMAT = dwarf;
				ENABLE_STRICT_OBJC_MSGSEND = YES;
				ENABLE_TESTABILITY = YES;
				GCC_C_LANGUAGE_STANDARD = gnu11;
				GCC_DYNAMIC_NO_PIC = NO;
				GCC_NO_COMMON_BLOCKS = YES;
				GCC_OPTIMIZATION_LEVEL = 0;
				GCC_PREPROCESSOR_DEFINITIONS = (
					"DEBUG=1",
					"$(inherited)",
				);
				GCC_WARN_64_TO_32_BIT_CONVERSION = YES;
				GCC_WARN_ABOUT_RETURN_TYPE = YES_ERROR;
				GCC_WARN_UNDECLARED_SELECTOR = YES;
				GCC_WARN_UNINITIALIZED_AUTOS = YES_AGGRESSIVE;
				GCC_WARN_UNUSED_FUNCTION = YES;
				GCC_WARN_UNUSED_VARIABLE = YES;
				IPHONEOS_DEPLOYMENT_TARGET = 16.2;
				MTL_ENABLE_DEBUG_INFO = INCLUDE_SOURCE;
				MTL_FAST_MATH = YES;
				ONLY_ACTIVE_ARCH = YES;
				SDKROOT = iphoneos;
				SWIFT_ACTIVE_COMPILATION_CONDITIONS = DEBUG;
				SWIFT_OPTIMIZATION_LEVEL = "-Onone";
			};
			name = Debug;
		};
		6C4D4165296DDEA9005F9EA6 /* Release */ = {
			isa = XCBuildConfiguration;
			buildSettings = {
				ALWAYS_SEARCH_USER_PATHS = NO;
				CLANG_ANALYZER_NONNULL = YES;
				CLANG_ANALYZER_NUMBER_OBJECT_CONVERSION = YES_AGGRESSIVE;
				CLANG_CXX_LANGUAGE_STANDARD = "gnu++20";
				CLANG_ENABLE_MODULES = YES;
				CLANG_ENABLE_OBJC_ARC = YES;
				CLANG_ENABLE_OBJC_WEAK = YES;
				CLANG_WARN_BLOCK_CAPTURE_AUTORELEASING = YES;
				CLANG_WARN_BOOL_CONVERSION = YES;
				CLANG_WARN_COMMA = YES;
				CLANG_WARN_CONSTANT_CONVERSION = YES;
				CLANG_WARN_DEPRECATED_OBJC_IMPLEMENTATIONS = YES;
				CLANG_WARN_DIRECT_OBJC_ISA_USAGE = YES_ERROR;
				CLANG_WARN_DOCUMENTATION_COMMENTS = YES;
				CLANG_WARN_EMPTY_BODY = YES;
				CLANG_WARN_ENUM_CONVERSION = YES;
				CLANG_WARN_INFINITE_RECURSION = YES;
				CLANG_WARN_INT_CONVERSION = YES;
				CLANG_WARN_NON_LITERAL_NULL_CONVERSION = YES;
				CLANG_WARN_OBJC_IMPLICIT_RETAIN_SELF = YES;
				CLANG_WARN_OBJC_LITERAL_CONVERSION = YES;
				CLANG_WARN_OBJC_ROOT_CLASS = YES_ERROR;
				CLANG_WARN_QUOTED_INCLUDE_IN_FRAMEWORK_HEADER = YES;
				CLANG_WARN_RANGE_LOOP_ANALYSIS = YES;
				CLANG_WARN_STRICT_PROTOTYPES = YES;
				CLANG_WARN_SUSPICIOUS_MOVE = YES;
				CLANG_WARN_UNGUARDED_AVAILABILITY = YES_AGGRESSIVE;
				CLANG_WARN_UNREACHABLE_CODE = YES;
				CLANG_WARN__DUPLICATE_METHOD_MATCH = YES;
				COPY_PHASE_STRIP = NO;
				DEBUG_INFORMATION_FORMAT = "dwarf-with-dsym";
				ENABLE_NS_ASSERTIONS = NO;
				ENABLE_STRICT_OBJC_MSGSEND = YES;
				GCC_C_LANGUAGE_STANDARD = gnu11;
				GCC_NO_COMMON_BLOCKS = YES;
				GCC_WARN_64_TO_32_BIT_CONVERSION = YES;
				GCC_WARN_ABOUT_RETURN_TYPE = YES_ERROR;
				GCC_WARN_UNDECLARED_SELECTOR = YES;
				GCC_WARN_UNINITIALIZED_AUTOS = YES_AGGRESSIVE;
				GCC_WARN_UNUSED_FUNCTION = YES;
				GCC_WARN_UNUSED_VARIABLE = YES;
				IPHONEOS_DEPLOYMENT_TARGET = 16.2;
				MTL_ENABLE_DEBUG_INFO = NO;
				MTL_FAST_MATH = YES;
				SDKROOT = iphoneos;
				SWIFT_COMPILATION_MODE = wholemodule;
				SWIFT_OPTIMIZATION_LEVEL = "-O";
				VALIDATE_PRODUCT = YES;
			};
			name = Release;
		};
		6C4D4167296DDEA9005F9EA6 /* Debug */ = {
			isa = XCBuildConfiguration;
			buildSettings = {
				ASSETCATALOG_COMPILER_APPICON_NAME = AppIcon;
				ASSETCATALOG_COMPILER_GLOBAL_ACCENT_COLOR_NAME = AccentColor;
				CODE_SIGN_STYLE = Automatic;
				CURRENT_PROJECT_VERSION = 1;
				DEVELOPMENT_TEAM = 345UR7Z9A7;
				GENERATE_INFOPLIST_FILE = YES;
				INFOPLIST_FILE = BindingMVVM/Info.plist;
				INFOPLIST_KEY_UIApplicationSupportsIndirectInputEvents = YES;
				INFOPLIST_KEY_UILaunchStoryboardName = LaunchScreen;
				INFOPLIST_KEY_UIMainStoryboardFile = Main;
				INFOPLIST_KEY_UISupportedInterfaceOrientations_iPad = "UIInterfaceOrientationPortrait UIInterfaceOrientationPortraitUpsideDown UIInterfaceOrientationLandscapeLeft UIInterfaceOrientationLandscapeRight";
				INFOPLIST_KEY_UISupportedInterfaceOrientations_iPhone = "UIInterfaceOrientationPortrait UIInterfaceOrientationLandscapeLeft UIInterfaceOrientationLandscapeRight";
				LD_RUNPATH_SEARCH_PATHS = (
					"$(inherited)",
					"@executable_path/Frameworks",
				);
				MARKETING_VERSION = 1.0;
				PRODUCT_BUNDLE_IDENTIFIER = com.rotadevsolutions.BindingMVVM;
				PRODUCT_NAME = "$(TARGET_NAME)";
				SWIFT_EMIT_LOC_STRINGS = YES;
				SWIFT_VERSION = 5.0;
				TARGETED_DEVICE_FAMILY = "1,2";
			};
			name = Debug;
		};
		6C4D4168296DDEA9005F9EA6 /* Release */ = {
			isa = XCBuildConfiguration;
			buildSettings = {
				ASSETCATALOG_COMPILER_APPICON_NAME = AppIcon;
				ASSETCATALOG_COMPILER_GLOBAL_ACCENT_COLOR_NAME = AccentColor;
				CODE_SIGN_STYLE = Automatic;
				CURRENT_PROJECT_VERSION = 1;
				DEVELOPMENT_TEAM = 345UR7Z9A7;
				GENERATE_INFOPLIST_FILE = YES;
				INFOPLIST_FILE = BindingMVVM/Info.plist;
				INFOPLIST_KEY_UIApplicationSupportsIndirectInputEvents = YES;
				INFOPLIST_KEY_UILaunchStoryboardName = LaunchScreen;
				INFOPLIST_KEY_UIMainStoryboardFile = Main;
				INFOPLIST_KEY_UISupportedInterfaceOrientations_iPad = "UIInterfaceOrientationPortrait UIInterfaceOrientationPortraitUpsideDown UIInterfaceOrientationLandscapeLeft UIInterfaceOrientationLandscapeRight";
				INFOPLIST_KEY_UISupportedInterfaceOrientations_iPhone = "UIInterfaceOrientationPortrait UIInterfaceOrientationLandscapeLeft UIInterfaceOrientationLandscapeRight";
				LD_RUNPATH_SEARCH_PATHS = (
					"$(inherited)",
					"@executable_path/Frameworks",
				);
				MARKETING_VERSION = 1.0;
				PRODUCT_BUNDLE_IDENTIFIER = com.rotadevsolutions.BindingMVVM;
				PRODUCT_NAME = "$(TARGET_NAME)";
				SWIFT_EMIT_LOC_STRINGS = YES;
				SWIFT_VERSION = 5.0;
				TARGETED_DEVICE_FAMILY = "1,2";
			};
			name = Release;
		};
/* End XCBuildConfiguration section */

/* Begin XCConfigurationList section */
		6C4D414D296DDEA5005F9EA6 /* Build configuration list for PBXProject "BindingMVVM" */ = {
			isa = XCConfigurationList;
			buildConfigurations = (
				6C4D4164296DDEA8005F9EA6 /* Debug */,
				6C4D4165296DDEA9005F9EA6 /* Release */,
			);
			defaultConfigurationIsVisible = 0;
			defaultConfigurationName = Release;
		};
		6C4D4166296DDEA9005F9EA6 /* Build configuration list for PBXNativeTarget "BindingMVVM" */ = {
			isa = XCConfigurationList;
			buildConfigurations = (
				6C4D4167296DDEA9005F9EA6 /* Debug */,
				6C4D4168296DDEA9005F9EA6 /* Release */,
			);
			defaultConfigurationIsVisible = 0;
			defaultConfigurationName = Release;
		};
/* End XCConfigurationList section */
	};
	rootObject = 6C4D414A296DDEA5005F9EA6 /* Project object */;
}
